
Microsoft Visual Studio Solution File, Format Version 12.00
# Visual Studio Version 16
VisualStudioVersion = 16.0.31005.135
MinimumVisualStudioVersion = 10.0.40219.1
Project("{FAE04EC0-301F-11D3-BF4B-00C04F79EFBC}") = "ConsoleApp5", "ConsoleApp5\ConsoleApp5.csproj", "{9624DF6A-EC8C-426B-8359-EBBB024A9C27}"
EndProject
Global
	GlobalSection(SolutionConfigurationPlatforms) = preSolution
		Debug|Any CPU = Debug|Any CPU
		Release|Any CPU = Release|Any CPU
	EndGlobalSection
	GlobalSection(ProjectConfigurationPlatforms) = postSolution
		{9624DF6A-EC8C-426B-8359-EBBB024A9C27}.Debug|Any CPU.ActiveCfg = Debug|Any CPU
		{9624DF6A-EC8C-426B-8359-EBBB024A9C27}.Debug|Any CPU.Build.0 = Debug|Any CPU
		{9624DF6A-EC8C-426B-8359-EBBB024A9C27}.Release|Any CPU.ActiveCfg = Release|Any CPU
		{9624DF6A-EC8C-426B-8359-EBBB024A9C27}.Release|Any CPU.Build.0 = Release|Any CPU
	EndGlobalSection
	GlobalSection(SolutionProperties) = preSolution
		HideSolutionNode = FALSE
	EndGlobalSection
	GlobalSection(ExtensibilityGlobals) = postSolution
		SolutionGuid = {6AE6C111-F280-47E3-82ED-0040BE9AD01E}
	EndGlobalSection
EndGlobal
